
Microsoft Visual Studio Solution File, Format Version 12.00
# Visual Studio Version 17
VisualStudioVersion = 17.8.34322.80
MinimumVisualStudioVersion = 10.0.40219.1
Project("{8BC9CEB8-8B4A-11D0-8D11-00A0C91BC942}") = "Graphics2D", "Graphics2D\Graphics2D.vcxproj", "{729F05FA-2E4C-4DD8-94F4-CD0A2A018D36}"
EndProject
Global
	GlobalSection(SolutionConfigurationPlatforms) = preSolution
		Debug|x64 = Debug|x64
		Debug|x86 = Debug|x86
		Release|x64 = Release|x64
		Release|x86 = Release|x86
	EndGlobalSection
	GlobalSection(ProjectConfigurationPlatforms) = postSolution
		{729F05FA-2E4C-4DD8-94F4-CD0A2A018D36}.Debug|x64.ActiveCfg = Debug|x64
		{729F05FA-2E4C-4DD8-94F4-CD0A2A018D36}.Debug|x64.Build.0 = Debug|x64
		{729F05FA-2E4C-4DD8-94F4-CD0A2A018D36}.Debug|x86.ActiveCfg = Debug|Win32
		{729F05FA-2E4C-4DD8-94F4-CD0A2A018D36}.Debug|x86.Build.0 = Debug|Win32
		{729F05FA-2E4C-4DD8-94F4-CD0A2A018D36}.Release|x64.ActiveCfg = Release|x64
		{729F05FA-2E4C-4DD8-94F4-CD0A2A018D36}.Release|x64.Build.0 = Release|x64
		{729F05FA-2E4C-4DD8-94F4-CD0A2A018D36}.Release|x86.ActiveCfg = Release|Win32
		{729F05FA-2E4C-4DD8-94F4-CD0A2A018D36}.Release|x86.Build.0 = Release|Win32
	EndGlobalSection
	GlobalSection(SolutionProperties) = preSolution
		HideSolutionNode = FALSE
	EndGlobalSection
	GlobalSection(ExtensibilityGlobals) = postSolution
		SolutionGuid = {1DEA3046-EA41-4436-BF85-022AE6152847}
	EndGlobalSection
EndGlobal
